
Microsoft Visual Studio Solution File, Format Version 11.00
# Visual Studio 2010
# SharpDevelop 4.4
Project("{FAE04EC0-301F-11D3-BF4B-00C04F79EFBC}") = "rensenWare", "rensenWare\rensenWare.csproj", "{FF9D4329-2CB0-41C5-BB4E-B90C225DD85E}"
EndProject
Global
	GlobalSection(SolutionConfigurationPlatforms) = preSolution
		Debug|Any CPU = Debug|Any CPU
		Release|Any CPU = Release|Any CPU
	EndGlobalSection
	GlobalSection(ProjectConfigurationPlatforms) = postSolution
		{FF9D4329-2CB0-41C5-BB4E-B90C225DD85E}.Debug|Any CPU.Build.0 = Debug|Any CPU
		{FF9D4329-2CB0-41C5-BB4E-B90C225DD85E}.Debug|Any CPU.ActiveCfg = Debug|Any CPU
		{FF9D4329-2CB0-41C5-BB4E-B90C225DD85E}.Release|Any CPU.Build.0 = Release|Any CPU
		{FF9D4329-2CB0-41C5-BB4E-B90C225DD85E}.Release|Any CPU.ActiveCfg = Release|Any CPU
	EndGlobalSection
EndGlobal
